// !$*UTF8*$!
{
	archiveVersion = 1;
	classes = {
	};
	objectVersion = 56;
	objects = {

/* Begin PBXBuildFile section */
		EA1B7B1D2B3AFB9A00696E58 /* ClosetViewController.swift in Sources */ = {isa = PBXBuildFile; fileRef = EA1B7B1C2B3AFB9A00696E58 /* ClosetViewController.swift */; };
		EA1B7B1E2B3AFB9A00696E58 /* ClosetViewController.swift in Sources */ = {isa = PBXBuildFile; fileRef = EA1B7B1C2B3AFB9A00696E58 /* ClosetViewController.swift */; };
		EA1B7B1F2B3AFB9A00696E58 /* ClosetViewController.swift in Sources */ = {isa = PBXBuildFile; fileRef = EA1B7B1C2B3AFB9A00696E58 /* ClosetViewController.swift */; };
		EA63A4112ADC229B004A8839 /* AppDelegate.swift in Sources */ = {isa = PBXBuildFile; fileRef = EA63A4102ADC229B004A8839 /* AppDelegate.swift */; };
		EA63A4132ADC229B004A8839 /* SceneDelegate.swift in Sources */ = {isa = PBXBuildFile; fileRef = EA63A4122ADC229B004A8839 /* SceneDelegate.swift */; };
		EA63A4152ADC229B004A8839 /* ViewController.swift in Sources */ = {isa = PBXBuildFile; fileRef = EA63A4142ADC229B004A8839 /* ViewController.swift */; };
		EA63A4182ADC229B004A8839 /* Main.storyboard in Resources */ = {isa = PBXBuildFile; fileRef = EA63A4162ADC229B004A8839 /* Main.storyboard */; };
		EA63A41A2ADC229D004A8839 /* Assets.xcassets in Resources */ = {isa = PBXBuildFile; fileRef = EA63A4192ADC229D004A8839 /* Assets.xcassets */; };
		EA63A41D2ADC229D004A8839 /* LaunchScreen.storyboard in Resources */ = {isa = PBXBuildFile; fileRef = EA63A41B2ADC229D004A8839 /* LaunchScreen.storyboard */; };
		EA63A4282ADC229D004A8839 /* MakeUpClosetTests.swift in Sources */ = {isa = PBXBuildFile; fileRef = EA63A4272ADC229D004A8839 /* MakeUpClosetTests.swift */; };
		EA63A4322ADC229D004A8839 /* MakeUpClosetUITests.swift in Sources */ = {isa = PBXBuildFile; fileRef = EA63A4312ADC229D004A8839 /* MakeUpClosetUITests.swift */; };
		EA63A4342ADC229D004A8839 /* MakeUpClosetUITestsLaunchTests.swift in Sources */ = {isa = PBXBuildFile; fileRef = EA63A4332ADC229D004A8839 /* MakeUpClosetUITestsLaunchTests.swift */; };
		EA63A4412ADC9CB7004A8839 /* MenuViewController.swift in Sources */ = {isa = PBXBuildFile; fileRef = EA63A4402ADC9CB7004A8839 /* MenuViewController.swift */; };
		EAD5DE632B76665D00E720C5 /* MakeUpItem.swift in Sources */ = {isa = PBXBuildFile; fileRef = EAD5DE622B76665D00E720C5 /* MakeUpItem.swift */; };
		EAD5DE652B76667C00E720C5 /* SkincareItem.swift in Sources */ = {isa = PBXBuildFile; fileRef = EAD5DE642B76667C00E720C5 /* SkincareItem.swift */; };
		EAD5DE672B76669B00E720C5 /* HairCareItem.swift in Sources */ = {isa = PBXBuildFile; fileRef = EAD5DE662B76669B00E720C5 /* HairCareItem.swift */; };
		EAD5DE692B7666BE00E720C5 /* FragranceItem.swift in Sources */ = {isa = PBXBuildFile; fileRef = EAD5DE682B7666BE00E720C5 /* FragranceItem.swift */; };
		EAD5DE6B2B7666FA00E720C5 /* BeautyItem.swift in Sources */ = {isa = PBXBuildFile; fileRef = EAD5DE6A2B7666FA00E720C5 /* BeautyItem.swift */; };
/* End PBXBuildFile section */

/* Begin PBXContainerItemProxy section */
		EA63A4242ADC229D004A8839 /* PBXContainerItemProxy */ = {
			isa = PBXContainerItemProxy;
			containerPortal = EA63A4052ADC229B004A8839 /* Project object */;
			proxyType = 1;
			remoteGlobalIDString = EA63A40C2ADC229B004A8839;
			remoteInfo = MakeUpCloset;
		};
		EA63A42E2ADC229D004A8839 /* PBXContainerItemProxy */ = {
			isa = PBXContainerItemProxy;
			containerPortal = EA63A4052ADC229B004A8839 /* Project object */;
			proxyType = 1;
			remoteGlobalIDString = EA63A40C2ADC229B004A8839;
			remoteInfo = MakeUpCloset;
		};
/* End PBXContainerItemProxy section */

/* Begin PBXFileReference section */
		EA1B7B1C2B3AFB9A00696E58 /* ClosetViewController.swift */ = {isa = PBXFileReference; lastKnownFileType = sourcecode.swift; path = ClosetViewController.swift; sourceTree = "<group>"; };
		EA63A40D2ADC229B004A8839 /* MakeUpCloset.app */ = {isa = PBXFileReference; explicitFileType = wrapper.application; includeInIndex = 0; path = MakeUpCloset.app; sourceTree = BUILT_PRODUCTS_DIR; };
		EA63A4102ADC229B004A8839 /* AppDelegate.swift */ = {isa = PBXFileReference; lastKnownFileType = sourcecode.swift; path = AppDelegate.swift; sourceTree = "<group>"; };
		EA63A4122ADC229B004A8839 /* SceneDelegate.swift */ = {isa = PBXFileReference; lastKnownFileType = sourcecode.swift; path = SceneDelegate.swift; sourceTree = "<group>"; };
		EA63A4142ADC229B004A8839 /* ViewController.swift */ = {isa = PBXFileReference; lastKnownFileType = sourcecode.swift; path = ViewController.swift; sourceTree = "<group>"; };
		EA63A4172ADC229B004A8839 /* Base */ = {isa = PBXFileReference; lastKnownFileType = file.storyboard; name = Base; path = Base.lproj/Main.storyboard; sourceTree = "<group>"; };
		EA63A4192ADC229D004A8839 /* Assets.xcassets */ = {isa = PBXFileReference; lastKnownFileType = folder.assetcatalog; path = Assets.xcassets; sourceTree = "<group>"; };
		EA63A41C2ADC229D004A8839 /* Base */ = {isa = PBXFileReference; lastKnownFileType = file.storyboard; name = Base; path = Base.lproj/LaunchScreen.storyboard; sourceTree = "<group>"; };
		EA63A41E2ADC229D004A8839 /* Info.plist */ = {isa = PBXFileReference; lastKnownFileType = text.plist.xml; path = Info.plist; sourceTree = "<group>"; };
		EA63A4232ADC229D004A8839 /* MakeUpClosetTests.xctest */ = {isa = PBXFileReference; explicitFileType = wrapper.cfbundle; includeInIndex = 0; path = MakeUpClosetTests.xctest; sourceTree = BUILT_PRODUCTS_DIR; };
		EA63A4272ADC229D004A8839 /* MakeUpClosetTests.swift */ = {isa = PBXFileReference; lastKnownFileType = sourcecode.swift; path = MakeUpClosetTests.swift; sourceTree = "<group>"; };
		EA63A42D2ADC229D004A8839 /* MakeUpClosetUITests.xctest */ = {isa = PBXFileReference; explicitFileType = wrapper.cfbundle; includeInIndex = 0; path = MakeUpClosetUITests.xctest; sourceTree = BUILT_PRODUCTS_DIR; };
		EA63A4312ADC229D004A8839 /* MakeUpClosetUITests.swift */ = {isa = PBXFileReference; lastKnownFileType = sourcecode.swift; path = MakeUpClosetUITests.swift; sourceTree = "<group>"; };
		EA63A4332ADC229D004A8839 /* MakeUpClosetUITestsLaunchTests.swift */ = {isa = PBXFileReference; lastKnownFileType = sourcecode.swift; path = MakeUpClosetUITestsLaunchTests.swift; sourceTree = "<group>"; };
		EA63A4402ADC9CB7004A8839 /* MenuViewController.swift */ = {isa = PBXFileReference; lastKnownFileType = sourcecode.swift; path = MenuViewController.swift; sourceTree = "<group>"; };
		EAD5DE622B76665D00E720C5 /* MakeUpItem.swift */ = {isa = PBXFileReference; lastKnownFileType = sourcecode.swift; path = MakeUpItem.swift; sourceTree = "<group>"; };
		EAD5DE642B76667C00E720C5 /* SkincareItem.swift */ = {isa = PBXFileReference; lastKnownFileType = sourcecode.swift; path = SkincareItem.swift; sourceTree = "<group>"; };
		EAD5DE662B76669B00E720C5 /* HairCareItem.swift */ = {isa = PBXFileReference; lastKnownFileType = sourcecode.swift; path = HairCareItem.swift; sourceTree = "<group>"; };
		EAD5DE682B7666BE00E720C5 /* FragranceItem.swift */ = {isa = PBXFileReference; lastKnownFileType = sourcecode.swift; path = FragranceItem.swift; sourceTree = "<group>"; };
		EAD5DE6A2B7666FA00E720C5 /* BeautyItem.swift */ = {isa = PBXFileReference; lastKnownFileType = sourcecode.swift; path = BeautyItem.swift; sourceTree = "<group>"; };
/* End PBXFileReference section */

/* Begin PBXFrameworksBuildPhase section */
		EA63A40A2ADC229B004A8839 /* Frameworks */ = {
			isa = PBXFrameworksBuildPhase;
			buildActionMask = 2147483647;
			files = (
			);
			runOnlyForDeploymentPostprocessing = 0;
		};
		EA63A4202ADC229D004A8839 /* Frameworks */ = {
			isa = PBXFrameworksBuildPhase;
			buildActionMask = 2147483647;
			files = (
			);
			runOnlyForDeploymentPostprocessing = 0;
		};
		EA63A42A2ADC229D004A8839 /* Frameworks */ = {
			isa = PBXFrameworksBuildPhase;
			buildActionMask = 2147483647;
			files = (
			);
			runOnlyForDeploymentPostprocessing = 0;
		};
/* End PBXFrameworksBuildPhase section */

/* Begin PBXGroup section */
		EA63A4042ADC229B004A8839 = {
			isa = PBXGroup;
			children = (
				EA63A40F2ADC229B004A8839 /* MakeUpCloset */,
				EA63A4262ADC229D004A8839 /* MakeUpClosetTests */,
				EA63A4302ADC229D004A8839 /* MakeUpClosetUITests */,
				EA63A40E2ADC229B004A8839 /* Products */,
			);
			sourceTree = "<group>";
		};
		EA63A40E2ADC229B004A8839 /* Products */ = {
			isa = PBXGroup;
			children = (
				EA63A40D2ADC229B004A8839 /* MakeUpCloset.app */,
				EA63A4232ADC229D004A8839 /* MakeUpClosetTests.xctest */,
				EA63A42D2ADC229D004A8839 /* MakeUpClosetUITests.xctest */,
			);
			name = Products;
			sourceTree = "<group>";
		};
		EA63A40F2ADC229B004A8839 /* MakeUpCloset */ = {
			isa = PBXGroup;
			children = (
				EA63A4102ADC229B004A8839 /* AppDelegate.swift */,
				EA63A4122ADC229B004A8839 /* SceneDelegate.swift */,
				EA63A4142ADC229B004A8839 /* ViewController.swift */,
				EA63A4402ADC9CB7004A8839 /* MenuViewController.swift */,
				EA1B7B1C2B3AFB9A00696E58 /* ClosetViewController.swift */,
				EAD5DE622B76665D00E720C5 /* MakeUpItem.swift */,
				EAD5DE642B76667C00E720C5 /* SkincareItem.swift */,
				EAD5DE662B76669B00E720C5 /* HairCareItem.swift */,
				EAD5DE682B7666BE00E720C5 /* FragranceItem.swift */,
				EAD5DE6A2B7666FA00E720C5 /* BeautyItem.swift */,
				EA63A4162ADC229B004A8839 /* Main.storyboard */,
				EA63A4192ADC229D004A8839 /* Assets.xcassets */,
				EA63A41B2ADC229D004A8839 /* LaunchScreen.storyboard */,
				EA63A41E2ADC229D004A8839 /* Info.plist */,
			);
			path = MakeUpCloset;
			sourceTree = "<group>";
		};
		EA63A4262ADC229D004A8839 /* MakeUpClosetTests */ = {
			isa = PBXGroup;
			children = (
				EA63A4272ADC229D004A8839 /* MakeUpClosetTests.swift */,
			);
			path = MakeUpClosetTests;
			sourceTree = "<group>";
		};
		EA63A4302ADC229D004A8839 /* MakeUpClosetUITests */ = {
			isa = PBXGroup;
			children = (
				EA63A4312ADC229D004A8839 /* MakeUpClosetUITests.swift */,
				EA63A4332ADC229D004A8839 /* MakeUpClosetUITestsLaunchTests.swift */,
			);
			path = MakeUpClosetUITests;
			sourceTree = "<group>";
		};
/* End PBXGroup section */

/* Begin PBXNativeTarget section */
		EA63A40C2ADC229B004A8839 /* MakeUpCloset */ = {
			isa = PBXNativeTarget;
			buildConfigurationList = EA63A4372ADC229D004A8839 /* Build configuration list for PBXNativeTarget "MakeUpCloset" */;
			buildPhases = (
				EA63A4092ADC229B004A8839 /* Sources */,
				EA63A40A2ADC229B004A8839 /* Frameworks */,
				EA63A40B2ADC229B004A8839 /* Resources */,
			);
			buildRules = (
			);
			dependencies = (
			);
			name = MakeUpCloset;
			productName = MakeUpCloset;
			productReference = EA63A40D2ADC229B004A8839 /* MakeUpCloset.app */;
			productType = "com.apple.product-type.application";
		};
		EA63A4222ADC229D004A8839 /* MakeUpClosetTests */ = {
			isa = PBXNativeTarget;
			buildConfigurationList = EA63A43A2ADC229D004A8839 /* Build configuration list for PBXNativeTarget "MakeUpClosetTests" */;
			buildPhases = (
				EA63A41F2ADC229D004A8839 /* Sources */,
				EA63A4202ADC229D004A8839 /* Frameworks */,
				EA63A4212ADC229D004A8839 /* Resources */,
			);
			buildRules = (
			);
			dependencies = (
				EA63A4252ADC229D004A8839 /* PBXTargetDependency */,
			);
			name = MakeUpClosetTests;
			productName = MakeUpClosetTests;
			productReference = EA63A4232ADC229D004A8839 /* MakeUpClosetTests.xctest */;
			productType = "com.apple.product-type.bundle.unit-test";
		};
		EA63A42C2ADC229D004A8839 /* MakeUpClosetUITests */ = {
			isa = PBXNativeTarget;
			buildConfigurationList = EA63A43D2ADC229D004A8839 /* Build configuration list for PBXNativeTarget "MakeUpClosetUITests" */;
			buildPhases = (
				EA63A4292ADC229D004A8839 /* Sources */,
				EA63A42A2ADC229D004A8839 /* Frameworks */,
				EA63A42B2ADC229D004A8839 /* Resources */,
			);
			buildRules = (
			);
			dependencies = (
				EA63A42F2ADC229D004A8839 /* PBXTargetDependency */,
			);
			name = MakeUpClosetUITests;
			productName = MakeUpClosetUITests;
			productReference = EA63A42D2ADC229D004A8839 /* MakeUpClosetUITests.xctest */;
			productType = "com.apple.product-type.bundle.ui-testing";
		};
/* End PBXNativeTarget section */

/* Begin PBXProject section */
		EA63A4052ADC229B004A8839 /* Project object */ = {
			isa = PBXProject;
			attributes = {
				BuildIndependentTargetsInParallel = 1;
				LastSwiftUpdateCheck = 1510;
				LastUpgradeCheck = 1510;
				TargetAttributes = {
					EA63A40C2ADC229B004A8839 = {
						CreatedOnToolsVersion = 15.1;
					};
					EA63A4222ADC229D004A8839 = {
						CreatedOnToolsVersion = 15.1;
						TestTargetID = EA63A40C2ADC229B004A8839;
					};
					EA63A42C2ADC229D004A8839 = {
						CreatedOnToolsVersion = 15.1;
						TestTargetID = EA63A40C2ADC229B004A8839;
					};
				};
			};
			buildConfigurationList = EA63A4082ADC229B004A8839 /* Build configuration list for PBXProject "MakeUpCloset" */;
			compatibilityVersion = "Xcode 14.0";
			developmentRegion = en;
			hasScannedForEncodings = 0;
			knownRegions = (
				en,
				Base,
			);
			mainGroup = EA63A4042ADC229B004A8839;
			productRefGroup = EA63A40E2ADC229B004A8839 /* Products */;
			projectDirPath = "";
			projectRoot = "";
			targets = (
				EA63A40C2ADC229B004A8839 /* MakeUpCloset */,
				EA63A4222ADC229D004A8839 /* MakeUpClosetTests */,
				EA63A42C2ADC229D004A8839 /* MakeUpClosetUITests */,
			);
		};
/* End PBXProject section */

/* Begin PBXResourcesBuildPhase section */
		EA63A40B2ADC229B004A8839 /* Resources */ = {
			isa = PBXResourcesBuildPhase;
			buildActionMask = 2147483647;
			files = (
				EA63A41D2ADC229D004A8839 /* LaunchScreen.storyboard in Resources */,
				EA63A41A2ADC229D004A8839 /* Assets.xcassets in Resources */,
				EA63A4182ADC229B004A8839 /* Main.storyboard in Resources */,
			);
			runOnlyForDeploymentPostprocessing = 0;
		};
		EA63A4212ADC229D004A8839 /* Resources */ = {
			isa = PBXResourcesBuildPhase;
			buildActionMask = 2147483647;
			files = (
			);
			runOnlyForDeploymentPostprocessing = 0;
		};
		EA63A42B2ADC229D004A8839 /* Resources */ = {
			isa = PBXResourcesBuildPhase;
			buildActionMask = 2147483647;
			files = (
			);
			runOnlyForDeploymentPostprocessing = 0;
		};
/* End PBXResourcesBuildPhase section */

/* Begin PBXSourcesBuildPhase section */
		EA63A4092ADC229B004A8839 /* Sources */ = {
			isa = PBXSourcesBuildPhase;
			buildActionMask = 2147483647;
			files = (
				EA63A4152ADC229B004A8839 /* ViewController.swift in Sources */,
				EA1B7B1D2B3AFB9A00696E58 /* ClosetViewController.swift in Sources */,
				EAD5DE652B76667C00E720C5 /* SkincareItem.swift in Sources */,
				EAD5DE692B7666BE00E720C5 /* FragranceItem.swift in Sources */,
				EAD5DE6B2B7666FA00E720C5 /* BeautyItem.swift in Sources */,
				EAD5DE672B76669B00E720C5 /* HairCareItem.swift in Sources */,
				EA63A4112ADC229B004A8839 /* AppDelegate.swift in Sources */,
				EA63A4132ADC229B004A8839 /* SceneDelegate.swift in Sources */,
				EA63A4412ADC9CB7004A8839 /* MenuViewController.swift in Sources */,
				EAD5DE632B76665D00E720C5 /* MakeUpItem.swift in Sources */,
			);
			runOnlyForDeploymentPostprocessing = 0;
		};
		EA63A41F2ADC229D004A8839 /* Sources */ = {
			isa = PBXSourcesBuildPhase;
			buildActionMask = 2147483647;
			files = (
				EA63A4282ADC229D004A8839 /* MakeUpClosetTests.swift in Sources */,
				EA1B7B1E2B3AFB9A00696E58 /* ClosetViewController.swift in Sources */,
			);
			runOnlyForDeploymentPostprocessing = 0;
		};
		EA63A4292ADC229D004A8839 /* Sources */ = {
			isa = PBXSourcesBuildPhase;
			buildActionMask = 2147483647;
			files = (
				EA63A4322ADC229D004A8839 /* MakeUpClosetUITests.swift in Sources */,
				EA63A4342ADC229D004A8839 /* MakeUpClosetUITestsLaunchTests.swift in Sources */,
				EA1B7B1F2B3AFB9A00696E58 /* ClosetViewController.swift in Sources */,
			);
			runOnlyForDeploymentPostprocessing = 0;
		};
/* End PBXSourcesBuildPhase section */

/* Begin PBXTargetDependency section */
		EA63A4252ADC229D004A8839 /* PBXTargetDependency */ = {
			isa = PBXTargetDependency;
			target = EA63A40C2ADC229B004A8839 /* MakeUpCloset */;
			targetProxy = EA63A4242ADC229D004A8839 /* PBXContainerItemProxy */;
		};
		EA63A42F2ADC229D004A8839 /* PBXTargetDependency */ = {
			isa = PBXTargetDependency;
			target = EA63A40C2ADC229B004A8839 /* MakeUpCloset */;
			targetProxy = EA63A42E2ADC229D004A8839 /* PBXContainerItemProxy */;
		};
/* End PBXTargetDependency section */

/* Begin PBXVariantGroup section */
		EA63A4162ADC229B004A8839 /* Main.storyboard */ = {
			isa = PBXVariantGroup;
			children = (
				EA63A4172ADC229B004A8839 /* Base */,
			);
			name = Main.storyboard;
			sourceTree = "<group>";
		};
		EA63A41B2ADC229D004A8839 /* LaunchScreen.storyboard */ = {
			isa = PBXVariantGroup;
			children = (
				EA63A41C2ADC229D004A8839 /* Base */,
			);
			name = LaunchScreen.storyboard;
			sourceTree = "<group>";
		};
/* End PBXVariantGroup section */

/* Begin XCBuildConfiguration section */
		EA63A4352ADC229D004A8839 /* Debug */ = {
			isa = XCBuildConfiguration;
			buildSettings = {
				ALWAYS_SEARCH_USER_PATHS = NO;
				ASSETCATALOG_COMPILER_GENERATE_SWIFT_ASSET_SYMBOL_EXTENSIONS = YES;
				CLANG_ANALYZER_NONNULL = YES;
				CLANG_ANALYZER_NUMBER_OBJECT_CONVERSION = YES_AGGRESSIVE;
				CLANG_CXX_LANGUAGE_STANDARD = "gnu++20";
				CLANG_ENABLE_MODULES = YES;
				CLANG_ENABLE_OBJC_ARC = YES;
				CLANG_ENABLE_OBJC_WEAK = YES;
				CLANG_WARN_BLOCK_CAPTURE_AUTORELEASING = YES;
				CLANG_WARN_BOOL_CONVERSION = YES;
				CLANG_WARN_COMMA = YES;
				CLANG_WARN_CONSTANT_CONVERSION = YES;
				CLANG_WARN_DEPRECATED_OBJC_IMPLEMENTATIONS = YES;
				CLANG_WARN_DIRECT_OBJC_ISA_USAGE = YES_ERROR;
				CLANG_WARN_DOCUMENTATION_COMMENTS = YES;
				CLANG_WARN_EMPTY_BODY = YES;
				CLANG_WARN_ENUM_CONVERSION = YES;
				CLANG_WARN_INFINITE_RECURSION = YES;
				CLANG_WARN_INT_CONVERSION = YES;
				CLANG_WARN_NON_LITERAL_NULL_CONVERSION = YES;
				CLANG_WARN_OBJC_IMPLICIT_RETAIN_SELF = YES;
				CLANG_WARN_OBJC_LITERAL_CONVERSION = YES;
				CLANG_WARN_OBJC_ROOT_CLASS = YES_ERROR;
				CLANG_WARN_QUOTED_INCLUDE_IN_FRAMEWORK_HEADER = YES;
				CLANG_WARN_RANGE_LOOP_ANALYSIS = YES;
				CLANG_WARN_STRICT_PROTOTYPES = YES;
				CLANG_WARN_SUSPICIOUS_MOVE = YES;
				CLANG_WARN_UNGUARDED_AVAILABILITY = YES_AGGRESSIVE;
				CLANG_WARN_UNREACHABLE_CODE = YES;
				CLANG_WARN__DUPLICATE_METHOD_MATCH = YES;
				COPY_PHASE_STRIP = NO;
				DEBUG_INFORMATION_FORMAT = dwarf;
				ENABLE_STRICT_OBJC_MSGSEND = YES;
				ENABLE_TESTABILITY = YES;
				ENABLE_USER_SCRIPT_SANDBOXING = YES;
				GCC_C_LANGUAGE_STANDARD = gnu17;
				GCC_DYNAMIC_NO_PIC = NO;
				GCC_NO_COMMON_BLOCKS = YES;
				GCC_OPTIMIZATION_LEVEL = 0;
				GCC_PREPROCESSOR_DEFINITIONS = (
					"DEBUG=1",
					"$(inherited)",
				);
				GCC_WARN_64_TO_32_BIT_CONVERSION = YES;
				GCC_WARN_ABOUT_RETURN_TYPE = YES_ERROR;
				GCC_WARN_UNDECLARED_SELECTOR = YES;
				GCC_WARN_UNINITIALIZED_AUTOS = YES_AGGRESSIVE;
				GCC_WARN_UNUSED_FUNCTION = YES;
				GCC_WARN_UNUSED_VARIABLE = YES;
				IPHONEOS_DEPLOYMENT_TARGET = 17.0;
				LOCALIZATION_PREFERS_STRING_CATALOGS = YES;
				MTL_ENABLE_DEBUG_INFO = INCLUDE_SOURCE;
				MTL_FAST_MATH = YES;
				ONLY_ACTIVE_ARCH = YES;
				SDKROOT = iphoneos;
				SWIFT_ACTIVE_COMPILATION_CONDITIONS = "DEBUG $(inherited)";
				SWIFT_OPTIMIZATION_LEVEL = "-Onone";
			};
			name = Debug;
		};
		EA63A4362ADC229D004A8839 /* Release */ = {
			isa = XCBuildConfiguration;
			buildSettings = {
				ALWAYS_SEARCH_USER_PATHS = NO;
				ASSETCATALOG_COMPILER_GENERATE_SWIFT_ASSET_SYMBOL_EXTENSIONS = YES;
				CLANG_ANALYZER_NONNULL = YES;
				CLANG_ANALYZER_NUMBER_OBJECT_CONVERSION = YES_AGGRESSIVE;
				CLANG_CXX_LANGUAGE_STANDARD = "gnu++20";
				CLANG_ENABLE_MODULES = YES;
				CLANG_ENABLE_OBJC_ARC = YES;
				CLANG_ENABLE_OBJC_WEAK = YES;
				CLANG_WARN_BLOCK_CAPTURE_AUTORELEASING = YES;
				CLANG_WARN_BOOL_CONVERSION = YES;
				CLANG_WARN_COMMA = YES;
				CLANG_WARN_CONSTANT_CONVERSION = YES;
				CLANG_WARN_DEPRECATED_OBJC_IMPLEMENTATIONS = YES;
				CLANG_WARN_DIRECT_OBJC_ISA_USAGE = YES_ERROR;
				CLANG_WARN_DOCUMENTATION_COMMENTS = YES;
				CLANG_WARN_EMPTY_BODY = YES;
				CLANG_WARN_ENUM_CONVERSION = YES;
				CLANG_WARN_INFINITE_RECURSION = YES;
				CLANG_WARN_INT_CONVERSION = YES;
				CLANG_WARN_NON_LITERAL_NULL_CONVERSION = YES;
				CLANG_WARN_OBJC_IMPLICIT_RETAIN_SELF = YES;
				CLANG_WARN_OBJC_LITERAL_CONVERSION = YES;
				CLANG_WARN_OBJC_ROOT_CLASS = YES_ERROR;
				CLANG_WARN_QUOTED_INCLUDE_IN_FRAMEWORK_HEADER = YES;
				CLANG_WARN_RANGE_LOOP_ANALYSIS = YES;
				CLANG_WARN_STRICT_PROTOTYPES = YES;
				CLANG_WARN_SUSPICIOUS_MOVE = YES;
				CLANG_WARN_UNGUARDED_AVAILABILITY = YES_AGGRESSIVE;
				CLANG_WARN_UNREACHABLE_CODE = YES;
				CLANG_WARN__DUPLICATE_METHOD_MATCH = YES;
				COPY_PHASE_STRIP = NO;
				DEBUG_INFORMATION_FORMAT = "dwarf-with-dsym";
				ENABLE_NS_ASSERTIONS = NO;
				ENABLE_STRICT_OBJC_MSGSEND = YES;
				ENABLE_USER_SCRIPT_SANDBOXING = YES;
				GCC_C_LANGUAGE_STANDARD = gnu17;
				GCC_NO_COMMON_BLOCKS = YES;
				GCC_WARN_64_TO_32_BIT_CONVERSION = YES;
				GCC_WARN_ABOUT_RETURN_TYPE = YES_ERROR;
				GCC_WARN_UNDECLARED_SELECTOR = YES;
				GCC_WARN_UNINITIALIZED_AUTOS = YES_AGGRESSIVE;
				GCC_WARN_UNUSED_FUNCTION = YES;
				GCC_WARN_UNUSED_VARIABLE = YES;
				IPHONEOS_DEPLOYMENT_TARGET = 17.0;
				LOCALIZATION_PREFERS_STRING_CATALOGS = YES;
				MTL_ENABLE_DEBUG_INFO = NO;
				MTL_FAST_MATH = YES;
				SDKROOT = iphoneos;
				SWIFT_COMPILATION_MODE = wholemodule;
				VALIDATE_PRODUCT = YES;
			};
			name = Release;
		};
		EA63A4382ADC229D004A8839 /* Debug */ = {
			isa = XCBuildConfiguration;
			buildSettings = {
				ASSETCATALOG_COMPILER_APPICON_NAME = AppIcon;
				ASSETCATALOG_COMPILER_GLOBAL_ACCENT_COLOR_NAME = AccentColor;
				CODE_SIGN_STYLE = Automatic;
				CURRENT_PROJECT_VERSION = 1;
				DEVELOPMENT_TEAM = 68T5YJGRM7;
				GENERATE_INFOPLIST_FILE = YES;
				INFOPLIST_FILE = MakeUpCloset/Info.plist;
				INFOPLIST_KEY_UIApplicationSupportsIndirectInputEvents = YES;
				INFOPLIST_KEY_UILaunchStoryboardName = LaunchScreen;
				INFOPLIST_KEY_UIMainStoryboardFile = Main;
				INFOPLIST_KEY_UISupportedInterfaceOrientations_iPad = "UIInterfaceOrientationPortrait UIInterfaceOrientationPortraitUpsideDown UIInterfaceOrientationLandscapeLeft UIInterfaceOrientationLandscapeRight";
				INFOPLIST_KEY_UISupportedInterfaceOrientations_iPhone = "UIInterfaceOrientationPortrait UIInterfaceOrientationLandscapeLeft UIInterfaceOrientationLandscapeRight";
				LD_RUNPATH_SEARCH_PATHS = (
					"$(inherited)",
					"@executable_path/Frameworks",
				);
				MARKETING_VERSION = 1.0;
				PRODUCT_BUNDLE_IDENTIFIER = NathaliaTrazzi.MakeUpCloset;
				PRODUCT_NAME = "$(TARGET_NAME)";
				SWIFT_EMIT_LOC_STRINGS = YES;
				SWIFT_VERSION = 5.0;
				TARGETED_DEVICE_FAMILY = "1,2";
			};
			name = Debug;
		};
		EA63A4392ADC229D004A8839 /* Release */ = {
			isa = XCBuildConfiguration;
			buildSettings = {
				ASSETCATALOG_COMPILER_APPICON_NAME = AppIcon;
				ASSETCATALOG_COMPILER_GLOBAL_ACCENT_COLOR_NAME = AccentColor;
				CODE_SIGN_STYLE = Automatic;
				CURRENT_PROJECT_VERSION = 1;
				DEVELOPMENT_TEAM = 68T5YJGRM7;
				GENERATE_INFOPLIST_FILE = YES;
				INFOPLIST_FILE = MakeUpCloset/Info.plist;
				INFOPLIST_KEY_UIApplicationSupportsIndirectInputEvents = YES;
				INFOPLIST_KEY_UILaunchStoryboardName = LaunchScreen;
				INFOPLIST_KEY_UIMainStoryboardFile = Main;
				INFOPLIST_KEY_UISupportedInterfaceOrientations_iPad = "UIInterfaceOrientationPortrait UIInterfaceOrientationPortraitUpsideDown UIInterfaceOrientationLandscapeLeft UIInterfaceOrientationLandscapeRight";
				INFOPLIST_KEY_UISupportedInterfaceOrientations_iPhone = "UIInterfaceOrientationPortrait UIInterfaceOrientationLandscapeLeft UIInterfaceOrientationLandscapeRight";
				LD_RUNPATH_SEARCH_PATHS = (
					"$(inherited)",
					"@executable_path/Frameworks",
				);
				MARKETING_VERSION = 1.0;
				PRODUCT_BUNDLE_IDENTIFIER = NathaliaTrazzi.MakeUpCloset;
				PRODUCT_NAME = "$(TARGET_NAME)";
				SWIFT_EMIT_LOC_STRINGS = YES;
				SWIFT_VERSION = 5.0;
				TARGETED_DEVICE_FAMILY = "1,2";
			};
			name = Release;
		};
		EA63A43B2ADC229D004A8839 /* Debug */ = {
			isa = XCBuildConfiguration;
			buildSettings = {
				ALWAYS_EMBED_SWIFT_STANDARD_LIBRARIES = YES;
				BUNDLE_LOADER = "$(TEST_HOST)";
				CODE_SIGN_STYLE = Automatic;
				CURRENT_PROJECT_VERSION = 1;
				DEVELOPMENT_TEAM = 68T5YJGRM7;
				GENERATE_INFOPLIST_FILE = YES;
				IPHONEOS_DEPLOYMENT_TARGET = 17.0;
				MARKETING_VERSION = 1.0;
				PRODUCT_BUNDLE_IDENTIFIER = NathaliaTrazzi.MakeUpClosetTests;
				PRODUCT_NAME = "$(TARGET_NAME)";
				SWIFT_EMIT_LOC_STRINGS = NO;
				SWIFT_VERSION = 5.0;
				TARGETED_DEVICE_FAMILY = "1,2";
				TEST_HOST = "$(BUILT_PRODUCTS_DIR)/MakeUpCloset.app/$(BUNDLE_EXECUTABLE_FOLDER_PATH)/MakeUpCloset";
			};
			name = Debug;
		};
		EA63A43C2ADC229D004A8839 /* Release */ = {
			isa = XCBuildConfiguration;
			buildSettings = {
				ALWAYS_EMBED_SWIFT_STANDARD_LIBRARIES = YES;
				BUNDLE_LOADER = "$(TEST_HOST)";
				CODE_SIGN_STYLE = Automatic;
				CURRENT_PROJECT_VERSION = 1;
				DEVELOPMENT_TEAM = 68T5YJGRM7;
				GENERATE_INFOPLIST_FILE = YES;
				IPHONEOS_DEPLOYMENT_TARGET = 17.0;
				MARKETING_VERSION = 1.0;
				PRODUCT_BUNDLE_IDENTIFIER = NathaliaTrazzi.MakeUpClosetTests;
				PRODUCT_NAME = "$(TARGET_NAME)";
				SWIFT_EMIT_LOC_STRINGS = NO;
				SWIFT_VERSION = 5.0;
				TARGETED_DEVICE_FAMILY = "1,2";
				TEST_HOST = "$(BUILT_PRODUCTS_DIR)/MakeUpCloset.app/$(BUNDLE_EXECUTABLE_FOLDER_PATH)/MakeUpCloset";
			};
			name = Release;
		};
		EA63A43E2ADC229D004A8839 /* Debug */ = {
			isa = XCBuildConfiguration;
			buildSettings = {
				ALWAYS_EMBED_SWIFT_STANDARD_LIBRARIES = YES;
				CODE_SIGN_STYLE = Automatic;
				CURRENT_PROJECT_VERSION = 1;
				DEVELOPMENT_TEAM = 68T5YJGRM7;
				GENERATE_INFOPLIST_FILE = YES;
				MARKETING_VERSION = 1.0;
				PRODUCT_BUNDLE_IDENTIFIER = NathaliaTrazzi.MakeUpClosetUITests;
				PRODUCT_NAME = "$(TARGET_NAME)";
				SWIFT_EMIT_LOC_STRINGS = NO;
				SWIFT_VERSION = 5.0;
				TARGETED_DEVICE_FAMILY = "1,2";
				TEST_TARGET_NAME = MakeUpCloset;
			};
			name = Debug;
		};
		EA63A43F2ADC229D004A8839 /* Release */ = {
			isa = XCBuildConfiguration;
			buildSettings = {
				ALWAYS_EMBED_SWIFT_STANDARD_LIBRARIES = YES;
				CODE_SIGN_STYLE = Automatic;
				CURRENT_PROJECT_VERSION = 1;
				DEVELOPMENT_TEAM = 68T5YJGRM7;
				GENERATE_INFOPLIST_FILE = YES;
				MARKETING_VERSION = 1.0;
				PRODUCT_BUNDLE_IDENTIFIER = NathaliaTrazzi.MakeUpClosetUITests;
				PRODUCT_NAME = "$(TARGET_NAME)";
				SWIFT_EMIT_LOC_STRINGS = NO;
				SWIFT_VERSION = 5.0;
				TARGETED_DEVICE_FAMILY = "1,2";
				TEST_TARGET_NAME = MakeUpCloset;
			};
			name = Release;
		};
/* End XCBuildConfiguration section */

/* Begin XCConfigurationList section */
		EA63A4082ADC229B004A8839 /* Build configuration list for PBXProject "MakeUpCloset" */ = {
			isa = XCConfigurationList;
			buildConfigurations = (
				EA63A4352ADC229D004A8839 /* Debug */,
				EA63A4362ADC229D004A8839 /* Release */,
			);
			defaultConfigurationIsVisible = 0;
			defaultConfigurationName = Release;
		};
		EA63A4372ADC229D004A8839 /* Build configuration list for PBXNativeTarget "MakeUpCloset" */ = {
			isa = XCConfigurationList;
			buildConfigurations = (
				EA63A4382ADC229D004A8839 /* Debug */,
				EA63A4392ADC229D004A8839 /* Release */,
			);
			defaultConfigurationIsVisible = 0;
			defaultConfigurationName = Release;
		};
		EA63A43A2ADC229D004A8839 /* Build configuration list for PBXNativeTarget "MakeUpClosetTests" */ = {
			isa = XCConfigurationList;
			buildConfigurations = (
				EA63A43B2ADC229D004A8839 /* Debug */,
				EA63A43C2ADC229D004A8839 /* Release */,
			);
			defaultConfigurationIsVisible = 0;
			defaultConfigurationName = Release;
		};
		EA63A43D2ADC229D004A8839 /* Build configuration list for PBXNativeTarget "MakeUpClosetUITests" */ = {
			isa = XCConfigurationList;
			buildConfigurations = (
				EA63A43E2ADC229D004A8839 /* Debug */,
				EA63A43F2ADC229D004A8839 /* Release */,
			);
			defaultConfigurationIsVisible = 0;
			defaultConfigurationName = Release;
		};
/* End XCConfigurationList section */
	};
	rootObject = EA63A4052ADC229B004A8839 /* Project object */;
}
